// !$*UTF8*$!
{
	archiveVersion = 1;
	classes = {
	};
	objectVersion = 46;
	objects = {

/* Begin PBXBuildFile section */
		4C830A39198030980016D01D /* Foundation.framework in Frameworks */ = {isa = PBXBuildFile; fileRef = 4C830A38198030980016D01D /* Foundation.framework */; };
		4C830A3B198030980016D01D /* CoreGraphics.framework in Frameworks */ = {isa = PBXBuildFile; fileRef = 4C830A3A198030980016D01D /* CoreGraphics.framework */; };
		4C830A3D198030980016D01D /* UIKit.framework in Frameworks */ = {isa = PBXBuildFile; fileRef = 4C830A3C198030980016D01D /* UIKit.framework */; };
		4C830A3F198030980016D01D /* CoreData.framework in Frameworks */ = {isa = PBXBuildFile; fileRef = 4C830A3E198030980016D01D /* CoreData.framework */; };
		4C830A45198030980016D01D /* InfoPlist.strings in Resources */ = {isa = PBXBuildFile; fileRef = 4C830A43198030980016D01D /* InfoPlist.strings */; };
		4C830A47198030980016D01D /* main.m in Sources */ = {isa = PBXBuildFile; fileRef = 4C830A46198030980016D01D /* main.m */; };
		4C830A4B198030980016D01D /* BAMAppDelegate.m in Sources */ = {isa = PBXBuildFile; fileRef = 4C830A4A198030980016D01D /* BAMAppDelegate.m */; };
		4C830A4E198030980016D01D /* Main_iPhone.storyboard in Resources */ = {isa = PBXBuildFile; fileRef = 4C830A4C198030980016D01D /* Main_iPhone.storyboard */; };
		4C830A51198030980016D01D /* Main_iPad.storyboard in Resources */ = {isa = PBXBuildFile; fileRef = 4C830A4F198030980016D01D /* Main_iPad.storyboard */; };
		4C830A54198030980016D01D /* BirdsAroundMe.xcdatamodeld in Sources */ = {isa = PBXBuildFile; fileRef = 4C830A52198030980016D01D /* BirdsAroundMe.xcdatamodeld */; };
		4C830A57198030980016D01D /* BAMMasterViewController.m in Sources */ = {isa = PBXBuildFile; fileRef = 4C830A56198030980016D01D /* BAMMasterViewController.m */; };
		4C830A5A198030980016D01D /* BAMDetailViewController.m in Sources */ = {isa = PBXBuildFile; fileRef = 4C830A59198030980016D01D /* BAMDetailViewController.m */; };
		4C830A5C198030980016D01D /* Images.xcassets in Resources */ = {isa = PBXBuildFile; fileRef = 4C830A5B198030980016D01D /* Images.xcassets */; };
		4C830A63198030980016D01D /* XCTest.framework in Frameworks */ = {isa = PBXBuildFile; fileRef = 4C830A62198030980016D01D /* XCTest.framework */; };
		4C830A64198030980016D01D /* Foundation.framework in Frameworks */ = {isa = PBXBuildFile; fileRef = 4C830A38198030980016D01D /* Foundation.framework */; };
		4C830A65198030980016D01D /* UIKit.framework in Frameworks */ = {isa = PBXBuildFile; fileRef = 4C830A3C198030980016D01D /* UIKit.framework */; };
		4C830A66198030980016D01D /* CoreData.framework in Frameworks */ = {isa = PBXBuildFile; fileRef = 4C830A3E198030980016D01D /* CoreData.framework */; };
		4C830A6E198030980016D01D /* InfoPlist.strings in Resources */ = {isa = PBXBuildFile; fileRef = 4C830A6C198030980016D01D /* InfoPlist.strings */; };
		4C830A70198030980016D01D /* BirdsAroundMeTests.m in Sources */ = {isa = PBXBuildFile; fileRef = 4C830A6F198030980016D01D /* BirdsAroundMeTests.m */; };
		90AEA22B28EB416A85A4C316 /* libPods.a in Frameworks */ = {isa = PBXBuildFile; fileRef = FBDB7903932A46B78E00656B /* libPods.a */; };
		FA5CB7FD1980A994008E12B5 /* BAMModelObject.m in Sources */ = {isa = PBXBuildFile; fileRef = FA5CB7FC1980A994008E12B5 /* BAMModelObject.m */; };
		FA5CB8001980A995008E12B5 /* BAMRemoteBirdImage.m in Sources */ = {isa = PBXBuildFile; fileRef = FA5CB7FF1980A995008E12B5 /* BAMRemoteBirdImage.m */; };
		FA5CB8031980A995008E12B5 /* BAMRemoteSighting.m in Sources */ = {isa = PBXBuildFile; fileRef = FA5CB8021980A995008E12B5 /* BAMRemoteSighting.m */; };
		FA5CB8061980A9FE008E12B5 /* BAMModelObject+Extensions.m in Sources */ = {isa = PBXBuildFile; fileRef = FA5CB8051980A9FE008E12B5 /* BAMModelObject+Extensions.m */; };
		FAABFBEC19970681009E9AB9 /* BAMEbirdWebservice.m in Sources */ = {isa = PBXBuildFile; fileRef = FAABFBEB19970681009E9AB9 /* BAMEbirdWebservice.m */; };
		FAABFBEF19970E3F009E9AB9 /* BAMRemoteSighting+Extensions.m in Sources */ = {isa = PBXBuildFile; fileRef = FAABFBEE19970E3F009E9AB9 /* BAMRemoteSighting+Extensions.m */; };
		FAABFBF419971F61009E9AB9 /* BAMSightingSynchronizer.m in Sources */ = {isa = PBXBuildFile; fileRef = FAABFBF319971F61009E9AB9 /* BAMSightingSynchronizer.m */; };
		FAABFBF71998518A009E9AB9 /* BAMPersistentStackManager.m in Sources */ = {isa = PBXBuildFile; fileRef = FAABFBF61998518A009E9AB9 /* BAMPersistentStackManager.m */; };
		FAF27F7E1994654D004854CF /* BAMPersistentStack.m in Sources */ = {isa = PBXBuildFile; fileRef = FAF27F7D1994654D004854CF /* BAMPersistentStack.m */; };
/* End PBXBuildFile section */

/* Begin PBXContainerItemProxy section */
		4C830A67198030980016D01D /* PBXContainerItemProxy */ = {
			isa = PBXContainerItemProxy;
			containerPortal = 4C830A2D198030980016D01D /* Project object */;
			proxyType = 1;
			remoteGlobalIDString = 4C830A34198030980016D01D;
			remoteInfo = BirdsAroundMe;
		};
/* End PBXContainerItemProxy section */

/* Begin PBXFileReference section */
		4C830A35198030980016D01D /* BirdsAroundMe.app */ = {isa = PBXFileReference; explicitFileType = wrapper.application; includeInIndex = 0; path = BirdsAroundMe.app; sourceTree = BUILT_PRODUCTS_DIR; };
		4C830A38198030980016D01D /* Foundation.framework */ = {isa = PBXFileReference; lastKnownFileType = wrapper.framework; name = Foundation.framework; path = System/Library/Frameworks/Foundation.framework; sourceTree = SDKROOT; };
		4C830A3A198030980016D01D /* CoreGraphics.framework */ = {isa = PBXFileReference; lastKnownFileType = wrapper.framework; name = CoreGraphics.framework; path = System/Library/Frameworks/CoreGraphics.framework; sourceTree = SDKROOT; };
		4C830A3C198030980016D01D /* UIKit.framework */ = {isa = PBXFileReference; lastKnownFileType = wrapper.framework; name = UIKit.framework; path = System/Library/Frameworks/UIKit.framework; sourceTree = SDKROOT; };
		4C830A3E198030980016D01D /* CoreData.framework */ = {isa = PBXFileReference; lastKnownFileType = wrapper.framework; name = CoreData.framework; path = System/Library/Frameworks/CoreData.framework; sourceTree = SDKROOT; };
		4C830A42198030980016D01D /* BirdsAroundMe-Info.plist */ = {isa = PBXFileReference; lastKnownFileType = text.plist.xml; path = "BirdsAroundMe-Info.plist"; sourceTree = "<group>"; };
		4C830A44198030980016D01D /* en */ = {isa = PBXFileReference; lastKnownFileType = text.plist.strings; name = en; path = en.lproj/InfoPlist.strings; sourceTree = "<group>"; };
		4C830A46198030980016D01D /* main.m */ = {isa = PBXFileReference; lastKnownFileType = sourcecode.c.objc; path = main.m; sourceTree = "<group>"; };
		4C830A48198030980016D01D /* BirdsAroundMe-Prefix.pch */ = {isa = PBXFileReference; lastKnownFileType = sourcecode.c.h; path = "BirdsAroundMe-Prefix.pch"; sourceTree = "<group>"; };
		4C830A49198030980016D01D /* BAMAppDelegate.h */ = {isa = PBXFileReference; lastKnownFileType = sourcecode.c.h; path = BAMAppDelegate.h; sourceTree = "<group>"; };
		4C830A4A198030980016D01D /* BAMAppDelegate.m */ = {isa = PBXFileReference; lastKnownFileType = sourcecode.c.objc; path = BAMAppDelegate.m; sourceTree = "<group>"; };
		4C830A4D198030980016D01D /* Base */ = {isa = PBXFileReference; lastKnownFileType = file.storyboard; name = Base; path = Base.lproj/Main_iPhone.storyboard; sourceTree = "<group>"; };
		4C830A50198030980016D01D /* Base */ = {isa = PBXFileReference; lastKnownFileType = file.storyboard; name = Base; path = Base.lproj/Main_iPad.storyboard; sourceTree = "<group>"; };
		4C830A53198030980016D01D /* BirdsAroundMe.xcdatamodel */ = {isa = PBXFileReference; lastKnownFileType = wrapper.xcdatamodel; path = BirdsAroundMe.xcdatamodel; sourceTree = "<group>"; };
		4C830A55198030980016D01D /* BAMMasterViewController.h */ = {isa = PBXFileReference; lastKnownFileType = sourcecode.c.h; path = BAMMasterViewController.h; sourceTree = "<group>"; };
		4C830A56198030980016D01D /* BAMMasterViewController.m */ = {isa = PBXFileReference; lastKnownFileType = sourcecode.c.objc; path = BAMMasterViewController.m; sourceTree = "<group>"; };
		4C830A58198030980016D01D /* BAMDetailViewController.h */ = {isa = PBXFileReference; lastKnownFileType = sourcecode.c.h; path = BAMDetailViewController.h; sourceTree = "<group>"; };
		4C830A59198030980016D01D /* BAMDetailViewController.m */ = {isa = PBXFileReference; lastKnownFileType = sourcecode.c.objc; path = BAMDetailViewController.m; sourceTree = "<group>"; };
		4C830A5B198030980016D01D /* Images.xcassets */ = {isa = PBXFileReference; lastKnownFileType = folder.assetcatalog; path = Images.xcassets; sourceTree = "<group>"; };
		4C830A61198030980016D01D /* BirdsAroundMeTests.xctest */ = {isa = PBXFileReference; explicitFileType = wrapper.cfbundle; includeInIndex = 0; path = BirdsAroundMeTests.xctest; sourceTree = BUILT_PRODUCTS_DIR; };
		4C830A62198030980016D01D /* XCTest.framework */ = {isa = PBXFileReference; lastKnownFileType = wrapper.framework; name = XCTest.framework; path = Library/Frameworks/XCTest.framework; sourceTree = DEVELOPER_DIR; };
		4C830A6B198030980016D01D /* BirdsAroundMeTests-Info.plist */ = {isa = PBXFileReference; lastKnownFileType = text.plist.xml; path = "BirdsAroundMeTests-Info.plist"; sourceTree = "<group>"; };
		4C830A6D198030980016D01D /* en */ = {isa = PBXFileReference; lastKnownFileType = text.plist.strings; name = en; path = en.lproj/InfoPlist.strings; sourceTree = "<group>"; };
		4C830A6F198030980016D01D /* BirdsAroundMeTests.m */ = {isa = PBXFileReference; lastKnownFileType = sourcecode.c.objc; path = BirdsAroundMeTests.m; sourceTree = "<group>"; };
		4D4BD49A5F764D4183A74C72 /* Pods.xcconfig */ = {isa = PBXFileReference; includeInIndex = 1; lastKnownFileType = text.xcconfig; name = Pods.xcconfig; path = Pods/Pods.xcconfig; sourceTree = "<group>"; };
		FA5CB7FB1980A994008E12B5 /* BAMModelObject.h */ = {isa = PBXFileReference; fileEncoding = 4; lastKnownFileType = sourcecode.c.h; path = BAMModelObject.h; sourceTree = "<group>"; };
		FA5CB7FC1980A994008E12B5 /* BAMModelObject.m */ = {isa = PBXFileReference; fileEncoding = 4; lastKnownFileType = sourcecode.c.objc; path = BAMModelObject.m; sourceTree = "<group>"; };
		FA5CB7FE1980A995008E12B5 /* BAMRemoteBirdImage.h */ = {isa = PBXFileReference; fileEncoding = 4; lastKnownFileType = sourcecode.c.h; path = BAMRemoteBirdImage.h; sourceTree = "<group>"; };
		FA5CB7FF1980A995008E12B5 /* BAMRemoteBirdImage.m */ = {isa = PBXFileReference; fileEncoding = 4; lastKnownFileType = sourcecode.c.objc; path = BAMRemoteBirdImage.m; sourceTree = "<group>"; };
		FA5CB8011980A995008E12B5 /* BAMRemoteSighting.h */ = {isa = PBXFileReference; fileEncoding = 4; lastKnownFileType = sourcecode.c.h; path = BAMRemoteSighting.h; sourceTree = "<group>"; };
		FA5CB8021980A995008E12B5 /* BAMRemoteSighting.m */ = {isa = PBXFileReference; fileEncoding = 4; lastKnownFileType = sourcecode.c.objc; path = BAMRemoteSighting.m; sourceTree = "<group>"; };
		FA5CB8041980A9FE008E12B5 /* BAMModelObject+Extensions.h */ = {isa = PBXFileReference; fileEncoding = 4; lastKnownFileType = sourcecode.c.h; path = "BAMModelObject+Extensions.h"; sourceTree = "<group>"; };
		FA5CB8051980A9FE008E12B5 /* BAMModelObject+Extensions.m */ = {isa = PBXFileReference; fileEncoding = 4; lastKnownFileType = sourcecode.c.objc; path = "BAMModelObject+Extensions.m"; sourceTree = "<group>"; };
		FAABFBEA19970681009E9AB9 /* BAMEbirdWebservice.h */ = {isa = PBXFileReference; fileEncoding = 4; lastKnownFileType = sourcecode.c.h; path = BAMEbirdWebservice.h; sourceTree = "<group>"; };
		FAABFBEB19970681009E9AB9 /* BAMEbirdWebservice.m */ = {isa = PBXFileReference; fileEncoding = 4; lastKnownFileType = sourcecode.c.objc; path = BAMEbirdWebservice.m; sourceTree = "<group>"; };
		FAABFBED19970E3F009E9AB9 /* BAMRemoteSighting+Extensions.h */ = {isa = PBXFileReference; fileEncoding = 4; lastKnownFileType = sourcecode.c.h; path = "BAMRemoteSighting+Extensions.h"; sourceTree = "<group>"; };
		FAABFBEE19970E3F009E9AB9 /* BAMRemoteSighting+Extensions.m */ = {isa = PBXFileReference; fileEncoding = 4; lastKnownFileType = sourcecode.c.objc; path = "BAMRemoteSighting+Extensions.m"; sourceTree = "<group>"; };
		FAABFBF219971F61009E9AB9 /* BAMSightingSynchronizer.h */ = {isa = PBXFileReference; fileEncoding = 4; lastKnownFileType = sourcecode.c.h; path = BAMSightingSynchronizer.h; sourceTree = "<group>"; };
		FAABFBF319971F61009E9AB9 /* BAMSightingSynchronizer.m */ = {isa = PBXFileReference; fileEncoding = 4; lastKnownFileType = sourcecode.c.objc; path = BAMSightingSynchronizer.m; sourceTree = "<group>"; };
		FAABFBF51998518A009E9AB9 /* BAMPersistentStackManager.h */ = {isa = PBXFileReference; fileEncoding = 4; lastKnownFileType = sourcecode.c.h; path = BAMPersistentStackManager.h; sourceTree = "<group>"; };
		FAABFBF61998518A009E9AB9 /* BAMPersistentStackManager.m */ = {isa = PBXFileReference; fileEncoding = 4; lastKnownFileType = sourcecode.c.objc; path = BAMPersistentStackManager.m; sourceTree = "<group>"; };
		FAABFBF919986105009E9AB9 /* BAMMergeChangesDelegate.h */ = {isa = PBXFileReference; fileEncoding = 4; lastKnownFileType = sourcecode.c.h; path = BAMMergeChangesDelegate.h; sourceTree = "<group>"; };
		FAF27F7C1994654D004854CF /* BAMPersistentStack.h */ = {isa = PBXFileReference; fileEncoding = 4; lastKnownFileType = sourcecode.c.h; path = BAMPersistentStack.h; sourceTree = "<group>"; };
		FAF27F7D1994654D004854CF /* BAMPersistentStack.m */ = {isa = PBXFileReference; fileEncoding = 4; lastKnownFileType = sourcecode.c.objc; path = BAMPersistentStack.m; sourceTree = "<group>"; };
		FBDB7903932A46B78E00656B /* libPods.a */ = {isa = PBXFileReference; explicitFileType = archive.ar; includeInIndex = 0; path = libPods.a; sourceTree = BUILT_PRODUCTS_DIR; };
/* End PBXFileReference section */

/* Begin PBXFrameworksBuildPhase section */
		4C830A32198030980016D01D /* Frameworks */ = {
			isa = PBXFrameworksBuildPhase;
			buildActionMask = 2147483647;
			files = (
				4C830A3B198030980016D01D /* CoreGraphics.framework in Frameworks */,
				4C830A3F198030980016D01D /* CoreData.framework in Frameworks */,
				4C830A3D198030980016D01D /* UIKit.framework in Frameworks */,
				4C830A39198030980016D01D /* Foundation.framework in Frameworks */,
				90AEA22B28EB416A85A4C316 /* libPods.a in Frameworks */,
			);
			runOnlyForDeploymentPostprocessing = 0;
		};
		4C830A5E198030980016D01D /* Frameworks */ = {
			isa = PBXFrameworksBuildPhase;
			buildActionMask = 2147483647;
			files = (
				4C830A63198030980016D01D /* XCTest.framework in Frameworks */,
				4C830A66198030980016D01D /* CoreData.framework in Frameworks */,
				4C830A65198030980016D01D /* UIKit.framework in Frameworks */,
				4C830A64198030980016D01D /* Foundation.framework in Frameworks */,
			);
			runOnlyForDeploymentPostprocessing = 0;
		};
/* End PBXFrameworksBuildPhase section */

/* Begin PBXGroup section */
		4C830A2C198030980016D01D = {
			isa = PBXGroup;
			children = (
				4C830A40198030980016D01D /* BirdsAroundMe */,
				4C830A69198030980016D01D /* BirdsAroundMeTests */,
				4C830A37198030980016D01D /* Frameworks */,
				4C830A36198030980016D01D /* Products */,
				4D4BD49A5F764D4183A74C72 /* Pods.xcconfig */,
			);
			sourceTree = "<group>";
		};
		4C830A36198030980016D01D /* Products */ = {
			isa = PBXGroup;
			children = (
				4C830A35198030980016D01D /* BirdsAroundMe.app */,
				4C830A61198030980016D01D /* BirdsAroundMeTests.xctest */,
			);
			name = Products;
			sourceTree = "<group>";
		};
		4C830A37198030980016D01D /* Frameworks */ = {
			isa = PBXGroup;
			children = (
				4C830A38198030980016D01D /* Foundation.framework */,
				4C830A3A198030980016D01D /* CoreGraphics.framework */,
				4C830A3C198030980016D01D /* UIKit.framework */,
				4C830A3E198030980016D01D /* CoreData.framework */,
				4C830A62198030980016D01D /* XCTest.framework */,
				FBDB7903932A46B78E00656B /* libPods.a */,
			);
			name = Frameworks;
			sourceTree = "<group>";
		};
		4C830A40198030980016D01D /* BirdsAroundMe */ = {
			isa = PBXGroup;
			children = (
				FAABFBF81998604F009E9AB9 /* Protocols */,
				4C830A49198030980016D01D /* BAMAppDelegate.h */,
				4C830A4A198030980016D01D /* BAMAppDelegate.m */,
				FAF27F7C1994654D004854CF /* BAMPersistentStack.h */,
				FAF27F7D1994654D004854CF /* BAMPersistentStack.m */,
				4C830A52198030980016D01D /* BirdsAroundMe.xcdatamodeld */,
				FAF27F78199461C5004854CF /* DataSources */,
				4C830A5B198030980016D01D /* Images.xcassets */,
				4C830A4F198030980016D01D /* Main_iPad.storyboard */,
				4C830A4C198030980016D01D /* Main_iPhone.storyboard */,
				FA5CB8071980B128008E12B5 /* Managers */,
				FAFE05D61980A1EC00DED806 /* Models */,
				4C830A41198030980016D01D /* Supporting Files */,
				FAABFBF019971411009E9AB9 /* Synchronizers */,
				FAFE05D519809EF100DED806 /* ViewControllers */,
				FAABFBF119971E3D009E9AB9 /* Webservices */,
			);
			path = BirdsAroundMe;
			sourceTree = "<group>";
		};
		4C830A41198030980016D01D /* Supporting Files */ = {
			isa = PBXGroup;
			children = (
				4C830A42198030980016D01D /* BirdsAroundMe-Info.plist */,
				4C830A43198030980016D01D /* InfoPlist.strings */,
				4C830A46198030980016D01D /* main.m */,
				4C830A48198030980016D01D /* BirdsAroundMe-Prefix.pch */,
			);
			name = "Supporting Files";
			sourceTree = "<group>";
		};
		4C830A69198030980016D01D /* BirdsAroundMeTests */ = {
			isa = PBXGroup;
			children = (
				4C830A6F198030980016D01D /* BirdsAroundMeTests.m */,
				4C830A6A198030980016D01D /* Supporting Files */,
			);
			path = BirdsAroundMeTests;
			sourceTree = "<group>";
		};
		4C830A6A198030980016D01D /* Supporting Files */ = {
			isa = PBXGroup;
			children = (
				4C830A6B198030980016D01D /* BirdsAroundMeTests-Info.plist */,
				4C830A6C198030980016D01D /* InfoPlist.strings */,
			);
			name = "Supporting Files";
			sourceTree = "<group>";
		};
		FA5CB8071980B128008E12B5 /* Managers */ = {
			isa = PBXGroup;
			children = (
				FAABFBF51998518A009E9AB9 /* BAMPersistentStackManager.h */,
				FAABFBF61998518A009E9AB9 /* BAMPersistentStackManager.m */,
			);
			name = Managers;
			sourceTree = "<group>";
		};
		FAABFBF019971411009E9AB9 /* Synchronizers */ = {
			isa = PBXGroup;
			children = (
				FAABFBF219971F61009E9AB9 /* BAMSightingSynchronizer.h */,
				FAABFBF319971F61009E9AB9 /* BAMSightingSynchronizer.m */,
			);
			name = Synchronizers;
			sourceTree = "<group>";
		};
		FAABFBF119971E3D009E9AB9 /* Webservices */ = {
			isa = PBXGroup;
			children = (
				FAABFBEA19970681009E9AB9 /* BAMEbirdWebservice.h */,
				FAABFBEB19970681009E9AB9 /* BAMEbirdWebservice.m */,
			);
			name = Webservices;
			sourceTree = "<group>";
		};
		FAABFBF81998604F009E9AB9 /* Protocols */ = {
			isa = PBXGroup;
			children = (
				FAABFBF919986105009E9AB9 /* BAMMergeChangesDelegate.h */,
			);
			name = Protocols;
			sourceTree = "<group>";
		};
		FAF27F78199461C5004854CF /* DataSources */ = {
			isa = PBXGroup;
			children = (
			);
			name = DataSources;
			sourceTree = "<group>";
		};
		FAFE05D519809EF100DED806 /* ViewControllers */ = {
			isa = PBXGroup;
			children = (
				4C830A55198030980016D01D /* BAMMasterViewController.h */,
				4C830A56198030980016D01D /* BAMMasterViewController.m */,
				4C830A58198030980016D01D /* BAMDetailViewController.h */,
				4C830A59198030980016D01D /* BAMDetailViewController.m */,
			);
			name = ViewControllers;
			sourceTree = "<group>";
		};
		FAFE05D61980A1EC00DED806 /* Models */ = {
			isa = PBXGroup;
			children = (
				FA5CB8011980A995008E12B5 /* BAMRemoteSighting.h */,
				FA5CB8021980A995008E12B5 /* BAMRemoteSighting.m */,
				FA5CB7FE1980A995008E12B5 /* BAMRemoteBirdImage.h */,
				FA5CB7FF1980A995008E12B5 /* BAMRemoteBirdImage.m */,
				FA5CB7FB1980A994008E12B5 /* BAMModelObject.h */,
				FA5CB7FC1980A994008E12B5 /* BAMModelObject.m */,
				FA5CB8041980A9FE008E12B5 /* BAMModelObject+Extensions.h */,
				FA5CB8051980A9FE008E12B5 /* BAMModelObject+Extensions.m */,
				FAABFBED19970E3F009E9AB9 /* BAMRemoteSighting+Extensions.h */,
				FAABFBEE19970E3F009E9AB9 /* BAMRemoteSighting+Extensions.m */,
			);
			name = Models;
			sourceTree = "<group>";
		};
/* End PBXGroup section */

/* Begin PBXNativeTarget section */
		4C830A34198030980016D01D /* BirdsAroundMe */ = {
			isa = PBXNativeTarget;
			buildConfigurationList = 4C830A73198030980016D01D /* Build configuration list for PBXNativeTarget "BirdsAroundMe" */;
			buildPhases = (
				308C07BFBE274CC691A8D26C /* Check Pods Manifest.lock */,
				4C830A31198030980016D01D /* Sources */,
				4C830A32198030980016D01D /* Frameworks */,
				4C830A33198030980016D01D /* Resources */,
				45CA69FA14DF47CBBF007FF6 /* Copy Pods Resources */,
			);
			buildRules = (
			);
			dependencies = (
			);
			name = BirdsAroundMe;
			productName = BirdsAroundMe;
			productReference = 4C830A35198030980016D01D /* BirdsAroundMe.app */;
			productType = "com.apple.product-type.application";
		};
		4C830A60198030980016D01D /* BirdsAroundMeTests */ = {
			isa = PBXNativeTarget;
			buildConfigurationList = 4C830A76198030980016D01D /* Build configuration list for PBXNativeTarget "BirdsAroundMeTests" */;
			buildPhases = (
				4C830A5D198030980016D01D /* Sources */,
				4C830A5E198030980016D01D /* Frameworks */,
				4C830A5F198030980016D01D /* Resources */,
			);
			buildRules = (
			);
			dependencies = (
				4C830A68198030980016D01D /* PBXTargetDependency */,
			);
			name = BirdsAroundMeTests;
			productName = BirdsAroundMeTests;
			productReference = 4C830A61198030980016D01D /* BirdsAroundMeTests.xctest */;
			productType = "com.apple.product-type.bundle.unit-test";
		};
/* End PBXNativeTarget section */

/* Begin PBXProject section */
		4C830A2D198030980016D01D /* Project object */ = {
			isa = PBXProject;
			attributes = {
				CLASSPREFIX = BAM;
				LastUpgradeCheck = 0510;
				ORGANIZATIONNAME = sobremesa;
				TargetAttributes = {
					4C830A60198030980016D01D = {
						TestTargetID = 4C830A34198030980016D01D;
					};
				};
			};
			buildConfigurationList = 4C830A30198030980016D01D /* Build configuration list for PBXProject "BirdsAroundMe" */;
			compatibilityVersion = "Xcode 3.2";
			developmentRegion = English;
			hasScannedForEncodings = 0;
			knownRegions = (
				en,
				Base,
			);
			mainGroup = 4C830A2C198030980016D01D;
			productRefGroup = 4C830A36198030980016D01D /* Products */;
			projectDirPath = "";
			projectRoot = "";
			targets = (
				4C830A34198030980016D01D /* BirdsAroundMe */,
				4C830A60198030980016D01D /* BirdsAroundMeTests */,
			);
		};
/* End PBXProject section */

/* Begin PBXResourcesBuildPhase section */
		4C830A33198030980016D01D /* Resources */ = {
			isa = PBXResourcesBuildPhase;
			buildActionMask = 2147483647;
			files = (
				4C830A51198030980016D01D /* Main_iPad.storyboard in Resources */,
				4C830A5C198030980016D01D /* Images.xcassets in Resources */,
				4C830A4E198030980016D01D /* Main_iPhone.storyboard in Resources */,
				4C830A45198030980016D01D /* InfoPlist.strings in Resources */,
			);
			runOnlyForDeploymentPostprocessing = 0;
		};
		4C830A5F198030980016D01D /* Resources */ = {
			isa = PBXResourcesBuildPhase;
			buildActionMask = 2147483647;
			files = (
				4C830A6E198030980016D01D /* InfoPlist.strings in Resources */,
			);
			runOnlyForDeploymentPostprocessing = 0;
		};
/* End PBXResourcesBuildPhase section */

/* Begin PBXShellScriptBuildPhase section */
		308C07BFBE274CC691A8D26C /* Check Pods Manifest.lock */ = {
			isa = PBXShellScriptBuildPhase;
			buildActionMask = 2147483647;
			files = (
			);
			inputPaths = (
			);
			name = "Check Pods Manifest.lock";
			outputPaths = (
			);
			runOnlyForDeploymentPostprocessing = 0;
			shellPath = /bin/sh;
			shellScript = "diff \"${PODS_ROOT}/../Podfile.lock\" \"${PODS_ROOT}/Manifest.lock\" > /dev/null\nif [[ $? != 0 ]] ; then\n    cat << EOM\nerror: The sandbox is not in sync with the Podfile.lock. Run 'pod install' or update your CocoaPods installation.\nEOM\n    exit 1\nfi\n";
			showEnvVarsInLog = 0;
		};
		45CA69FA14DF47CBBF007FF6 /* Copy Pods Resources */ = {
			isa = PBXShellScriptBuildPhase;
			buildActionMask = 2147483647;
			files = (
			);
			inputPaths = (
			);
			name = "Copy Pods Resources";
			outputPaths = (
			);
			runOnlyForDeploymentPostprocessing = 0;
			shellPath = /bin/sh;
			shellScript = "\"${SRCROOT}/Pods/Pods-resources.sh\"\n";
			showEnvVarsInLog = 0;
		};
/* End PBXShellScriptBuildPhase section */

/* Begin PBXSourcesBuildPhase section */
		4C830A31198030980016D01D /* Sources */ = {
			isa = PBXSourcesBuildPhase;
			buildActionMask = 2147483647;
			files = (
				4C830A47198030980016D01D /* main.m in Sources */,
				FA5CB8001980A995008E12B5 /* BAMRemoteBirdImage.m in Sources */,
				4C830A4B198030980016D01D /* BAMAppDelegate.m in Sources */,
				FAABFBF419971F61009E9AB9 /* BAMSightingSynchronizer.m in Sources */,
				4C830A5A198030980016D01D /* BAMDetailViewController.m in Sources */,
				4C830A54198030980016D01D /* BirdsAroundMe.xcdatamodeld in Sources */,
				FAABFBF71998518A009E9AB9 /* BAMPersistentStackManager.m in Sources */,
				4C830A57198030980016D01D /* BAMMasterViewController.m in Sources */,
				FA5CB7FD1980A994008E12B5 /* BAMModelObject.m in Sources */,
				FA5CB8031980A995008E12B5 /* BAMRemoteSighting.m in Sources */,
				FAF27F7E1994654D004854CF /* BAMPersistentStack.m in Sources */,
				FAABFBEF19970E3F009E9AB9 /* BAMRemoteSighting+Extensions.m in Sources */,
				FAABFBEC19970681009E9AB9 /* BAMEbirdWebservice.m in Sources */,
				FA5CB8061980A9FE008E12B5 /* BAMModelObject+Extensions.m in Sources */,
			);
			runOnlyForDeploymentPostprocessing = 0;
		};
		4C830A5D198030980016D01D /* Sources */ = {
			isa = PBXSourcesBuildPhase;
			buildActionMask = 2147483647;
			files = (
				4C830A70198030980016D01D /* BirdsAroundMeTests.m in Sources */,
			);
			runOnlyForDeploymentPostprocessing = 0;
		};
/* End PBXSourcesBuildPhase section */

/* Begin PBXTargetDependency section */
		4C830A68198030980016D01D /* PBXTargetDependency */ = {
			isa = PBXTargetDependency;
			target = 4C830A34198030980016D01D /* BirdsAroundMe */;
			targetProxy = 4C830A67198030980016D01D /* PBXContainerItemProxy */;
		};
/* End PBXTargetDependency section */

/* Begin PBXVariantGroup section */
		4C830A43198030980016D01D /* InfoPlist.strings */ = {
			isa = PBXVariantGroup;
			children = (
				4C830A44198030980016D01D /* en */,
			);
			name = InfoPlist.strings;
			sourceTree = "<group>";
		};
		4C830A4C198030980016D01D /* Main_iPhone.storyboard */ = {
			isa = PBXVariantGroup;
			children = (
				4C830A4D198030980016D01D /* Base */,
			);
			name = Main_iPhone.storyboard;
			sourceTree = "<group>";
		};
		4C830A4F198030980016D01D /* Main_iPad.storyboard */ = {
			isa = PBXVariantGroup;
			children = (
				4C830A50198030980016D01D /* Base */,
			);
			name = Main_iPad.storyboard;
			sourceTree = "<group>";
		};
		4C830A6C198030980016D01D /* InfoPlist.strings */ = {
			isa = PBXVariantGroup;
			children = (
				4C830A6D198030980016D01D /* en */,
			);
			name = InfoPlist.strings;
			sourceTree = "<group>";
		};
/* End PBXVariantGroup section */

/* Begin XCBuildConfiguration section */
		4C830A71198030980016D01D /* Debug */ = {
			isa = XCBuildConfiguration;
			buildSettings = {
				ALWAYS_SEARCH_USER_PATHS = NO;
				CLANG_CXX_LANGUAGE_STANDARD = "gnu++0x";
				CLANG_CXX_LIBRARY = "libc++";
				CLANG_ENABLE_MODULES = YES;
				CLANG_ENABLE_OBJC_ARC = YES;
				CLANG_WARN_BOOL_CONVERSION = YES;
				CLANG_WARN_CONSTANT_CONVERSION = YES;
				CLANG_WARN_DIRECT_OBJC_ISA_USAGE = YES_ERROR;
				CLANG_WARN_EMPTY_BODY = YES;
				CLANG_WARN_ENUM_CONVERSION = YES;
				CLANG_WARN_INT_CONVERSION = YES;
				CLANG_WARN_OBJC_ROOT_CLASS = YES_ERROR;
				CLANG_WARN__DUPLICATE_METHOD_MATCH = YES;
				"CODE_SIGN_IDENTITY[sdk=iphoneos*]" = "iPhone Developer";
				COPY_PHASE_STRIP = NO;
				GCC_C_LANGUAGE_STANDARD = gnu99;
				GCC_DYNAMIC_NO_PIC = NO;
				GCC_OPTIMIZATION_LEVEL = 0;
				GCC_PREPROCESSOR_DEFINITIONS = (
					"DEBUG=1",
					"$(inherited)",
				);
				GCC_SYMBOLS_PRIVATE_EXTERN = NO;
				GCC_WARN_64_TO_32_BIT_CONVERSION = YES;
				GCC_WARN_ABOUT_RETURN_TYPE = YES_ERROR;
				GCC_WARN_UNDECLARED_SELECTOR = YES;
				GCC_WARN_UNINITIALIZED_AUTOS = YES_AGGRESSIVE;
				GCC_WARN_UNUSED_FUNCTION = YES;
				GCC_WARN_UNUSED_VARIABLE = YES;
				IPHONEOS_DEPLOYMENT_TARGET = 7.1;
				ONLY_ACTIVE_ARCH = YES;
				SDKROOT = iphoneos;
				TARGETED_DEVICE_FAMILY = "1,2";
			};
			name = Debug;
		};
		4C830A72198030980016D01D /* Release */ = {
			isa = XCBuildConfiguration;
			buildSettings = {
				ALWAYS_SEARCH_USER_PATHS = NO;
				CLANG_CXX_LANGUAGE_STANDARD = "gnu++0x";
				CLANG_CXX_LIBRARY = "libc++";
				CLANG_ENABLE_MODULES = YES;
				CLANG_ENABLE_OBJC_ARC = YES;
				CLANG_WARN_BOOL_CONVERSION = YES;
				CLANG_WARN_CONSTANT_CONVERSION = YES;
				CLANG_WARN_DIRECT_OBJC_ISA_USAGE = YES_ERROR;
				CLANG_WARN_EMPTY_BODY = YES;
				CLANG_WARN_ENUM_CONVERSION = YES;
				CLANG_WARN_INT_CONVERSION = YES;
				CLANG_WARN_OBJC_ROOT_CLASS = YES_ERROR;
				CLANG_WARN__DUPLICATE_METHOD_MATCH = YES;
				"CODE_SIGN_IDENTITY[sdk=iphoneos*]" = "iPhone Developer";
				COPY_PHASE_STRIP = YES;
				ENABLE_NS_ASSERTIONS = NO;
				GCC_C_LANGUAGE_STANDARD = gnu99;
				GCC_WARN_64_TO_32_BIT_CONVERSION = YES;
				GCC_WARN_ABOUT_RETURN_TYPE = YES_ERROR;
				GCC_WARN_UNDECLARED_SELECTOR = YES;
				GCC_WARN_UNINITIALIZED_AUTOS = YES_AGGRESSIVE;
				GCC_WARN_UNUSED_FUNCTION = YES;
				GCC_WARN_UNUSED_VARIABLE = YES;
				IPHONEOS_DEPLOYMENT_TARGET = 7.1;
				SDKROOT = iphoneos;
				TARGETED_DEVICE_FAMILY = "1,2";
				VALIDATE_PRODUCT = YES;
			};
			name = Release;
		};
		4C830A74198030980016D01D /* Debug */ = {
			isa = XCBuildConfiguration;
			baseConfigurationReference = 4D4BD49A5F764D4183A74C72 /* Pods.xcconfig */;
			buildSettings = {
				ASSETCATALOG_COMPILER_APPICON_NAME = AppIcon;
				ASSETCATALOG_COMPILER_LAUNCHIMAGE_NAME = LaunchImage;
				GCC_PRECOMPILE_PREFIX_HEADER = YES;
				GCC_PREFIX_HEADER = "BirdsAroundMe/BirdsAroundMe-Prefix.pch";
				INFOPLIST_FILE = "BirdsAroundMe/BirdsAroundMe-Info.plist";
				PRODUCT_NAME = "$(TARGET_NAME)";
				WRAPPER_EXTENSION = app;
			};
			name = Debug;
		};
		4C830A75198030980016D01D /* Release */ = {
			isa = XCBuildConfiguration;
			baseConfigurationReference = 4D4BD49A5F764D4183A74C72 /* Pods.xcconfig */;
			buildSettings = {
				ASSETCATALOG_COMPILER_APPICON_NAME = AppIcon;
				ASSETCATALOG_COMPILER_LAUNCHIMAGE_NAME = LaunchImage;
				GCC_PRECOMPILE_PREFIX_HEADER = YES;
				GCC_PREFIX_HEADER = "BirdsAroundMe/BirdsAroundMe-Prefix.pch";
				INFOPLIST_FILE = "BirdsAroundMe/BirdsAroundMe-Info.plist";
				PRODUCT_NAME = "$(TARGET_NAME)";
				WRAPPER_EXTENSION = app;
			};
			name = Release;
		};
		4C830A77198030980016D01D /* Debug */ = {
			isa = XCBuildConfiguration;
			buildSettings = {
				BUNDLE_LOADER = "$(BUILT_PRODUCTS_DIR)/BirdsAroundMe.app/BirdsAroundMe";
				FRAMEWORK_SEARCH_PATHS = (
					"$(SDKROOT)/Developer/Library/Frameworks",
					"$(inherited)",
					"$(DEVELOPER_FRAMEWORKS_DIR)",
				);
				GCC_PRECOMPILE_PREFIX_HEADER = YES;
				GCC_PREFIX_HEADER = "BirdsAroundMe/BirdsAroundMe-Prefix.pch";
				GCC_PREPROCESSOR_DEFINITIONS = (
					"DEBUG=1",
					"$(inherited)",
				);
				INFOPLIST_FILE = "BirdsAroundMeTests/BirdsAroundMeTests-Info.plist";
				PRODUCT_NAME = "$(TARGET_NAME)";
				TEST_HOST = "$(BUNDLE_LOADER)";
				WRAPPER_EXTENSION = xctest;
			};
			name = Debug;
		};
		4C830A78198030980016D01D /* Release */ = {
			isa = XCBuildConfiguration;
			buildSettings = {
				BUNDLE_LOADER = "$(BUILT_PRODUCTS_DIR)/BirdsAroundMe.app/BirdsAroundMe";
				FRAMEWORK_SEARCH_PATHS = (
					"$(SDKROOT)/Developer/Library/Frameworks",
					"$(inherited)",
					"$(DEVELOPER_FRAMEWORKS_DIR)",
				);
				GCC_PRECOMPILE_PREFIX_HEADER = YES;
				GCC_PREFIX_HEADER = "BirdsAroundMe/BirdsAroundMe-Prefix.pch";
				INFOPLIST_FILE = "BirdsAroundMeTests/BirdsAroundMeTests-Info.plist";
				PRODUCT_NAME = "$(TARGET_NAME)";
				TEST_HOST = "$(BUNDLE_LOADER)";
				WRAPPER_EXTENSION = xctest;
			};
			name = Release;
		};
/* End XCBuildConfiguration section */

/* Begin XCConfigurationList section */
		4C830A30198030980016D01D /* Build configuration list for PBXProject "BirdsAroundMe" */ = {
			isa = XCConfigurationList;
			buildConfigurations = (
				4C830A71198030980016D01D /* Debug */,
				4C830A72198030980016D01D /* Release */,
			);
			defaultConfigurationIsVisible = 0;
			defaultConfigurationName = Release;
		};
		4C830A73198030980016D01D /* Build configuration list for PBXNativeTarget "BirdsAroundMe" */ = {
			isa = XCConfigurationList;
			buildConfigurations = (
				4C830A74198030980016D01D /* Debug */,
				4C830A75198030980016D01D /* Release */,
			);
			defaultConfigurationIsVisible = 0;
			defaultConfigurationName = Release;
		};
		4C830A76198030980016D01D /* Build configuration list for PBXNativeTarget "BirdsAroundMeTests" */ = {
			isa = XCConfigurationList;
			buildConfigurations = (
				4C830A77198030980016D01D /* Debug */,
				4C830A78198030980016D01D /* Release */,
			);
			defaultConfigurationIsVisible = 0;
			defaultConfigurationName = Release;
		};
/* End XCConfigurationList section */

/* Begin XCVersionGroup section */
		4C830A52198030980016D01D /* BirdsAroundMe.xcdatamodeld */ = {
			isa = XCVersionGroup;
			children = (
				4C830A53198030980016D01D /* BirdsAroundMe.xcdatamodel */,
			);
			currentVersion = 4C830A53198030980016D01D /* BirdsAroundMe.xcdatamodel */;
			path = BirdsAroundMe.xcdatamodeld;
			sourceTree = "<group>";
			versionGroupType = wrapper.xcdatamodel;
		};
/* End XCVersionGroup section */
	};
	rootObject = 4C830A2D198030980016D01D /* Project object */;
}
